
Microsoft Visual Studio Solution File, Format Version 12.00
# Visual Studio Version 16
VisualStudioVersion = 16.0.31105.61
MinimumVisualStudioVersion = 10.0.40219.1
Project("{8BC9CEB8-8B4A-11D0-8D11-00A0C91BC942}") = "归并排序", "归并排序\归并排序.vcxproj", "{F6C05E01-785B-45AF-AE1D-ABDE0004222E}"
EndProject
Global
	GlobalSection(SolutionConfigurationPlatforms) = preSolution
		Debug|x64 = Debug|x64
		Debug|x86 = Debug|x86
		Release|x64 = Release|x64
		Release|x86 = Release|x86
	EndGlobalSection
	GlobalSection(ProjectConfigurationPlatforms) = postSolution
		{F6C05E01-785B-45AF-AE1D-ABDE0004222E}.Debug|x64.ActiveCfg = Debug|x64
		{F6C05E01-785B-45AF-AE1D-ABDE0004222E}.Debug|x64.Build.0 = Debug|x64
		{F6C05E01-785B-45AF-AE1D-ABDE0004222E}.Debug|x86.ActiveCfg = Debug|Win32
		{F6C05E01-785B-45AF-AE1D-ABDE0004222E}.Debug|x86.Build.0 = Debug|Win32
		{F6C05E01-785B-45AF-AE1D-ABDE0004222E}.Release|x64.ActiveCfg = Release|x64
		{F6C05E01-785B-45AF-AE1D-ABDE0004222E}.Release|x64.Build.0 = Release|x64
		{F6C05E01-785B-45AF-AE1D-ABDE0004222E}.Release|x86.ActiveCfg = Release|Win32
		{F6C05E01-785B-45AF-AE1D-ABDE0004222E}.Release|x86.Build.0 = Release|Win32
	EndGlobalSection
	GlobalSection(SolutionProperties) = preSolution
		HideSolutionNode = FALSE
	EndGlobalSection
	GlobalSection(ExtensibilityGlobals) = postSolution
		SolutionGuid = {7F4730B6-65F3-4B16-80EB-12FE11FD2024}
	EndGlobalSection
EndGlobal
